// !$*UTF8*$!
{
	archiveVersion = 1;
	classes = {
	};
	objectVersion = 77;
	objects = {

/* Begin PBXBuildFile section */
		5C4D86692DCCC7A200FE1477 /* FirebaseAnalytics in Frameworks */ = {isa = PBXBuildFile; productRef = 5C4D86682DCCC7A200FE1477 /* FirebaseAnalytics */; };
		5C4D866B2DCCC7A200FE1477 /* FirebaseAnalyticsOnDeviceConversion in Frameworks */ = {isa = PBXBuildFile; productRef = 5C4D866A2DCCC7A200FE1477 /* FirebaseAnalyticsOnDeviceConversion */; };
		5C4D866D2DCCC7A200FE1477 /* FirebaseAnalyticsWithoutAdIdSupport in Frameworks */ = {isa = PBXBuildFile; productRef = 5C4D866C2DCCC7A200FE1477 /* FirebaseAnalyticsWithoutAdIdSupport */; };
		5C4D866F2DCCC7A200FE1477 /* FirebaseAppCheck in Frameworks */ = {isa = PBXBuildFile; productRef = 5C4D866E2DCCC7A200FE1477 /* FirebaseAppCheck */; };
		5C4D86712DCCC7A200FE1477 /* FirebaseAppDistribution-Beta in Frameworks */ = {isa = PBXBuildFile; productRef = 5C4D86702DCCC7A200FE1477 /* FirebaseAppDistribution-Beta */; };
/* End PBXBuildFile section */

/* Begin PBXContainerItemProxy section */
		5C4D86332DCCC6FB00FE1477 /* PBXContainerItemProxy */ = {
			isa = PBXContainerItemProxy;
			containerPortal = 5C4D861D2DCCC6F700FE1477 /* Project object */;
			proxyType = 1;
			remoteGlobalIDString = 5C4D86242DCCC6F700FE1477;
			remoteInfo = "LBN KIDS";
		};
		5C4D863D2DCCC6FB00FE1477 /* PBXContainerItemProxy */ = {
			isa = PBXContainerItemProxy;
			containerPortal = 5C4D861D2DCCC6F700FE1477 /* Project object */;
			proxyType = 1;
			remoteGlobalIDString = 5C4D86242DCCC6F700FE1477;
			remoteInfo = "LBN KIDS";
		};
/* End PBXContainerItemProxy section */

/* Begin PBXFileReference section */
		5C4D86252DCCC6F700FE1477 /* LBN KIDS.app */ = {isa = PBXFileReference; explicitFileType = wrapper.application; includeInIndex = 0; path = "LBN KIDS.app"; sourceTree = BUILT_PRODUCTS_DIR; };
		5C4D86322DCCC6FB00FE1477 /* LBN KIDSTests.xctest */ = {isa = PBXFileReference; explicitFileType = wrapper.cfbundle; includeInIndex = 0; path = "LBN KIDSTests.xctest"; sourceTree = BUILT_PRODUCTS_DIR; };
		5C4D863C2DCCC6FB00FE1477 /* LBN KIDSUITests.xctest */ = {isa = PBXFileReference; explicitFileType = wrapper.cfbundle; includeInIndex = 0; path = "LBN KIDSUITests.xctest"; sourceTree = BUILT_PRODUCTS_DIR; };
/* End PBXFileReference section */

/* Begin PBXFileSystemSynchronizedRootGroup section */
		5C4D86272DCCC6F700FE1477 /* LBN KIDS */ = {
			isa = PBXFileSystemSynchronizedRootGroup;
			path = "LBN KIDS";
			sourceTree = "<group>";
		};
		5C4D86352DCCC6FB00FE1477 /* LBN KIDSTests */ = {
			isa = PBXFileSystemSynchronizedRootGroup;
			path = "LBN KIDSTests";
			sourceTree = "<group>";
		};
		5C4D863F2DCCC6FB00FE1477 /* LBN KIDSUITests */ = {
			isa = PBXFileSystemSynchronizedRootGroup;
			path = "LBN KIDSUITests";
			sourceTree = "<group>";
		};
/* End PBXFileSystemSynchronizedRootGroup section */

/* Begin PBXFrameworksBuildPhase section */
		5C4D86222DCCC6F700FE1477 /* Frameworks */ = {
			isa = PBXFrameworksBuildPhase;
			buildActionMask = 2147483647;
			files = (
				5C4D866F2DCCC7A200FE1477 /* FirebaseAppCheck in Frameworks */,
				5C4D86692DCCC7A200FE1477 /* FirebaseAnalytics in Frameworks */,
				5C4D86712DCCC7A200FE1477 /* FirebaseAppDistribution-Beta in Frameworks */,
				5C4D866D2DCCC7A200FE1477 /* FirebaseAnalyticsWithoutAdIdSupport in Frameworks */,
				5C4D866B2DCCC7A200FE1477 /* FirebaseAnalyticsOnDeviceConversion in Frameworks */,
			);
			runOnlyForDeploymentPostprocessing = 0;
		};
		5C4D862F2DCCC6FB00FE1477 /* Frameworks */ = {
			isa = PBXFrameworksBuildPhase;
			buildActionMask = 2147483647;
			files = (
			);
			runOnlyForDeploymentPostprocessing = 0;
		};
		5C4D86392DCCC6FB00FE1477 /* Frameworks */ = {
			isa = PBXFrameworksBuildPhase;
			buildActionMask = 2147483647;
			files = (
			);
			runOnlyForDeploymentPostprocessing = 0;
		};
/* End PBXFrameworksBuildPhase section */

/* Begin PBXGroup section */
		5C4D861C2DCCC6F700FE1477 = {
			isa = PBXGroup;
			children = (
				5C4D86272DCCC6F700FE1477 /* LBN KIDS */,
				5C4D86352DCCC6FB00FE1477 /* LBN KIDSTests */,
				5C4D863F2DCCC6FB00FE1477 /* LBN KIDSUITests */,
				5C4D86262DCCC6F700FE1477 /* Products */,
			);
			sourceTree = "<group>";
		};
		5C4D86262DCCC6F700FE1477 /* Products */ = {
			isa = PBXGroup;
			children = (
				5C4D86252DCCC6F700FE1477 /* LBN KIDS.app */,
				5C4D86322DCCC6FB00FE1477 /* LBN KIDSTests.xctest */,
				5C4D863C2DCCC6FB00FE1477 /* LBN KIDSUITests.xctest */,
			);
			name = Products;
			sourceTree = "<group>";
		};
/* End PBXGroup section */

/* Begin PBXNativeTarget section */
		5C4D86242DCCC6F700FE1477 /* LBN KIDS */ = {
			isa = PBXNativeTarget;
			buildConfigurationList = 5C4D86462DCCC6FB00FE1477 /* Build configuration list for PBXNativeTarget "LBN KIDS" */;
			buildPhases = (
				5C4D86212DCCC6F700FE1477 /* Sources */,
				5C4D86222DCCC6F700FE1477 /* Frameworks */,
				5C4D86232DCCC6F700FE1477 /* Resources */,
			);
			buildRules = (
			);
			dependencies = (
			);
			fileSystemSynchronizedGroups = (
				5C4D86272DCCC6F700FE1477 /* LBN KIDS */,
			);
			name = "LBN KIDS";
			packageProductDependencies = (
				5C4D86682DCCC7A200FE1477 /* FirebaseAnalytics */,
				5C4D866A2DCCC7A200FE1477 /* FirebaseAnalyticsOnDeviceConversion */,
				5C4D866C2DCCC7A200FE1477 /* FirebaseAnalyticsWithoutAdIdSupport */,
				5C4D866E2DCCC7A200FE1477 /* FirebaseAppCheck */,
				5C4D86702DCCC7A200FE1477 /* FirebaseAppDistribution-Beta */,
			);
			productName = "LBN KIDS";
			productReference = 5C4D86252DCCC6F700FE1477 /* LBN KIDS.app */;
			productType = "com.apple.product-type.application";
		};
		5C4D86312DCCC6FB00FE1477 /* LBN KIDSTests */ = {
			isa = PBXNativeTarget;
			buildConfigurationList = 5C4D86492DCCC6FB00FE1477 /* Build configuration list for PBXNativeTarget "LBN KIDSTests" */;
			buildPhases = (
				5C4D862E2DCCC6FB00FE1477 /* Sources */,
				5C4D862F2DCCC6FB00FE1477 /* Frameworks */,
				5C4D86302DCCC6FB00FE1477 /* Resources */,
			);
			buildRules = (
			);
			dependencies = (
				5C4D86342DCCC6FB00FE1477 /* PBXTargetDependency */,
			);
			fileSystemSynchronizedGroups = (
				5C4D86352DCCC6FB00FE1477 /* LBN KIDSTests */,
			);
			name = "LBN KIDSTests";
			packageProductDependencies = (
			);
			productName = "LBN KIDSTests";
			productReference = 5C4D86322DCCC6FB00FE1477 /* LBN KIDSTests.xctest */;
			productType = "com.apple.product-type.bundle.unit-test";
		};
		5C4D863B2DCCC6FB00FE1477 /* LBN KIDSUITests */ = {
			isa = PBXNativeTarget;
			buildConfigurationList = 5C4D864C2DCCC6FB00FE1477 /* Build configuration list for PBXNativeTarget "LBN KIDSUITests" */;
			buildPhases = (
				5C4D86382DCCC6FB00FE1477 /* Sources */,
				5C4D86392DCCC6FB00FE1477 /* Frameworks */,
				5C4D863A2DCCC6FB00FE1477 /* Resources */,
			);
			buildRules = (
			);
			dependencies = (
				5C4D863E2DCCC6FB00FE1477 /* PBXTargetDependency */,
			);
			fileSystemSynchronizedGroups = (
				5C4D863F2DCCC6FB00FE1477 /* LBN KIDSUITests */,
			);
			name = "LBN KIDSUITests";
			packageProductDependencies = (
			);
			productName = "LBN KIDSUITests";
			productReference = 5C4D863C2DCCC6FB00FE1477 /* LBN KIDSUITests.xctest */;
			productType = "com.apple.product-type.bundle.ui-testing";
		};
/* End PBXNativeTarget section */

/* Begin PBXProject section */
		5C4D861D2DCCC6F700FE1477 /* Project object */ = {
			isa = PBXProject;
			attributes = {
				BuildIndependentTargetsInParallel = 1;
				LastSwiftUpdateCheck = 1630;
				LastUpgradeCheck = 1630;
				TargetAttributes = {
					5C4D86242DCCC6F700FE1477 = {
						CreatedOnToolsVersion = 16.3;
					};
					5C4D86312DCCC6FB00FE1477 = {
						CreatedOnToolsVersion = 16.3;
						TestTargetID = 5C4D86242DCCC6F700FE1477;
					};
					5C4D863B2DCCC6FB00FE1477 = {
						CreatedOnToolsVersion = 16.3;
						TestTargetID = 5C4D86242DCCC6F700FE1477;
					};
				};
			};
			buildConfigurationList = 5C4D86202DCCC6F700FE1477 /* Build configuration list for PBXProject "LBN KIDS" */;
			developmentRegion = en;
			hasScannedForEncodings = 0;
			knownRegions = (
				en,
				Base,
			);
			mainGroup = 5C4D861C2DCCC6F700FE1477;
			minimizedProjectReferenceProxies = 1;
			packageReferences = (
				5C4D86672DCCC7A200FE1477 /* XCRemoteSwiftPackageReference "firebase-ios-sdk" */,
			);
			preferredProjectObjectVersion = 77;
			productRefGroup = 5C4D86262DCCC6F700FE1477 /* Products */;
			projectDirPath = "";
			projectRoot = "";
			targets = (
				5C4D86242DCCC6F700FE1477 /* LBN KIDS */,
				5C4D86312DCCC6FB00FE1477 /* LBN KIDSTests */,
				5C4D863B2DCCC6FB00FE1477 /* LBN KIDSUITests */,
			);
		};
/* End PBXProject section */

/* Begin PBXResourcesBuildPhase section */
		5C4D86232DCCC6F700FE1477 /* Resources */ = {
			isa = PBXResourcesBuildPhase;
			buildActionMask = 2147483647;
			files = (
			);
			runOnlyForDeploymentPostprocessing = 0;
		};
		5C4D86302DCCC6FB00FE1477 /* Resources */ = {
			isa = PBXResourcesBuildPhase;
			buildActionMask = 2147483647;
			files = (
			);
			runOnlyForDeploymentPostprocessing = 0;
		};
		5C4D863A2DCCC6FB00FE1477 /* Resources */ = {
			isa = PBXResourcesBuildPhase;
			buildActionMask = 2147483647;
			files = (
			);
			runOnlyForDeploymentPostprocessing = 0;
		};
/* End PBXResourcesBuildPhase section */

/* Begin PBXSourcesBuildPhase section */
		5C4D86212DCCC6F700FE1477 /* Sources */ = {
			isa = PBXSourcesBuildPhase;
			buildActionMask = 2147483647;
			files = (
			);
			runOnlyForDeploymentPostprocessing = 0;
		};
		5C4D862E2DCCC6FB00FE1477 /* Sources */ = {
			isa = PBXSourcesBuildPhase;
			buildActionMask = 2147483647;
			files = (
			);
			runOnlyForDeploymentPostprocessing = 0;
		};
		5C4D86382DCCC6FB00FE1477 /* Sources */ = {
			isa = PBXSourcesBuildPhase;
			buildActionMask = 2147483647;
			files = (
			);
			runOnlyForDeploymentPostprocessing = 0;
		};
/* End PBXSourcesBuildPhase section */

/* Begin PBXTargetDependency section */
		5C4D86342DCCC6FB00FE1477 /* PBXTargetDependency */ = {
			isa = PBXTargetDependency;
			target = 5C4D86242DCCC6F700FE1477 /* LBN KIDS */;
			targetProxy = 5C4D86332DCCC6FB00FE1477 /* PBXContainerItemProxy */;
		};
		5C4D863E2DCCC6FB00FE1477 /* PBXTargetDependency */ = {
			isa = PBXTargetDependency;
			target = 5C4D86242DCCC6F700FE1477 /* LBN KIDS */;
			targetProxy = 5C4D863D2DCCC6FB00FE1477 /* PBXContainerItemProxy */;
		};
/* End PBXTargetDependency section */

/* Begin XCBuildConfiguration section */
		5C4D86442DCCC6FB00FE1477 /* Debug */ = {
			isa = XCBuildConfiguration;
			buildSettings = {
				ALWAYS_SEARCH_USER_PATHS = NO;
				ASSETCATALOG_COMPILER_GENERATE_SWIFT_ASSET_SYMBOL_EXTENSIONS = YES;
				CLANG_ANALYZER_NONNULL = YES;
				CLANG_ANALYZER_NUMBER_OBJECT_CONVERSION = YES_AGGRESSIVE;
				CLANG_CXX_LANGUAGE_STANDARD = "gnu++20";
				CLANG_ENABLE_MODULES = YES;
				CLANG_ENABLE_OBJC_ARC = YES;
				CLANG_ENABLE_OBJC_WEAK = YES;
				CLANG_WARN_BLOCK_CAPTURE_AUTORELEASING = YES;
				CLANG_WARN_BOOL_CONVERSION = YES;
				CLANG_WARN_COMMA = YES;
				CLANG_WARN_CONSTANT_CONVERSION = YES;
				CLANG_WARN_DEPRECATED_OBJC_IMPLEMENTATIONS = YES;
				CLANG_WARN_DIRECT_OBJC_ISA_USAGE = YES_ERROR;
				CLANG_WARN_DOCUMENTATION_COMMENTS = YES;
				CLANG_WARN_EMPTY_BODY = YES;
				CLANG_WARN_ENUM_CONVERSION = YES;
				CLANG_WARN_INFINITE_RECURSION = YES;
				CLANG_WARN_INT_CONVERSION = YES;
				CLANG_WARN_NON_LITERAL_NULL_CONVERSION = YES;
				CLANG_WARN_OBJC_IMPLICIT_RETAIN_SELF = YES;
				CLANG_WARN_OBJC_LITERAL_CONVERSION = YES;
				CLANG_WARN_OBJC_ROOT_CLASS = YES_ERROR;
				CLANG_WARN_QUOTED_INCLUDE_IN_FRAMEWORK_HEADER = YES;
				CLANG_WARN_RANGE_LOOP_ANALYSIS = YES;
				CLANG_WARN_STRICT_PROTOTYPES = YES;
				CLANG_WARN_SUSPICIOUS_MOVE = YES;
				CLANG_WARN_UNGUARDED_AVAILABILITY = YES_AGGRESSIVE;
				CLANG_WARN_UNREACHABLE_CODE = YES;
				CLANG_WARN__DUPLICATE_METHOD_MATCH = YES;
				COPY_PHASE_STRIP = NO;
				DEBUG_INFORMATION_FORMAT = dwarf;
				DEVELOPMENT_TEAM = 87CNBTDBWA;
				ENABLE_STRICT_OBJC_MSGSEND = YES;
				ENABLE_TESTABILITY = YES;
				ENABLE_USER_SCRIPT_SANDBOXING = YES;
				GCC_C_LANGUAGE_STANDARD = gnu17;
				GCC_DYNAMIC_NO_PIC = NO;
				GCC_NO_COMMON_BLOCKS = YES;
				GCC_OPTIMIZATION_LEVEL = 0;
				GCC_PREPROCESSOR_DEFINITIONS = (
					"DEBUG=1",
					"$(inherited)",
				);
				GCC_WARN_64_TO_32_BIT_CONVERSION = YES;
				GCC_WARN_ABOUT_RETURN_TYPE = YES_ERROR;
				GCC_WARN_UNDECLARED_SELECTOR = YES;
				GCC_WARN_UNINITIALIZED_AUTOS = YES_AGGRESSIVE;
				GCC_WARN_UNUSED_FUNCTION = YES;
				GCC_WARN_UNUSED_VARIABLE = YES;
				IPHONEOS_DEPLOYMENT_TARGET = 18.4;
				LOCALIZATION_PREFERS_STRING_CATALOGS = YES;
				MTL_ENABLE_DEBUG_INFO = INCLUDE_SOURCE;
				MTL_FAST_MATH = YES;
				ONLY_ACTIVE_ARCH = YES;
				SDKROOT = iphoneos;
				SWIFT_ACTIVE_COMPILATION_CONDITIONS = "DEBUG $(inherited)";
				SWIFT_OPTIMIZATION_LEVEL = "-Onone";
			};
			name = Debug;
		};
		5C4D86452DCCC6FB00FE1477 /* Release */ = {
			isa = XCBuildConfiguration;
			buildSettings = {
				ALWAYS_SEARCH_USER_PATHS = NO;
				ASSETCATALOG_COMPILER_GENERATE_SWIFT_ASSET_SYMBOL_EXTENSIONS = YES;
				CLANG_ANALYZER_NONNULL = YES;
				CLANG_ANALYZER_NUMBER_OBJECT_CONVERSION = YES_AGGRESSIVE;
				CLANG_CXX_LANGUAGE_STANDARD = "gnu++20";
				CLANG_ENABLE_MODULES = YES;
				CLANG_ENABLE_OBJC_ARC = YES;
				CLANG_ENABLE_OBJC_WEAK = YES;
				CLANG_WARN_BLOCK_CAPTURE_AUTORELEASING = YES;
				CLANG_WARN_BOOL_CONVERSION = YES;
				CLANG_WARN_COMMA = YES;
				CLANG_WARN_CONSTANT_CONVERSION = YES;
				CLANG_WARN_DEPRECATED_OBJC_IMPLEMENTATIONS = YES;
				CLANG_WARN_DIRECT_OBJC_ISA_USAGE = YES_ERROR;
				CLANG_WARN_DOCUMENTATION_COMMENTS = YES;
				CLANG_WARN_EMPTY_BODY = YES;
				CLANG_WARN_ENUM_CONVERSION = YES;
				CLANG_WARN_INFINITE_RECURSION = YES;
				CLANG_WARN_INT_CONVERSION = YES;
				CLANG_WARN_NON_LITERAL_NULL_CONVERSION = YES;
				CLANG_WARN_OBJC_IMPLICIT_RETAIN_SELF = YES;
				CLANG_WARN_OBJC_LITERAL_CONVERSION = YES;
				CLANG_WARN_OBJC_ROOT_CLASS = YES_ERROR;
				CLANG_WARN_QUOTED_INCLUDE_IN_FRAMEWORK_HEADER = YES;
				CLANG_WARN_RANGE_LOOP_ANALYSIS = YES;
				CLANG_WARN_STRICT_PROTOTYPES = YES;
				CLANG_WARN_SUSPICIOUS_MOVE = YES;
				CLANG_WARN_UNGUARDED_AVAILABILITY = YES_AGGRESSIVE;
				CLANG_WARN_UNREACHABLE_CODE = YES;
				CLANG_WARN__DUPLICATE_METHOD_MATCH = YES;
				COPY_PHASE_STRIP = NO;
				DEBUG_INFORMATION_FORMAT = "dwarf-with-dsym";
				DEVELOPMENT_TEAM = 87CNBTDBWA;
				ENABLE_NS_ASSERTIONS = NO;
				ENABLE_STRICT_OBJC_MSGSEND = YES;
				ENABLE_USER_SCRIPT_SANDBOXING = YES;
				GCC_C_LANGUAGE_STANDARD = gnu17;
				GCC_NO_COMMON_BLOCKS = YES;
				GCC_WARN_64_TO_32_BIT_CONVERSION = YES;
				GCC_WARN_ABOUT_RETURN_TYPE = YES_ERROR;
				GCC_WARN_UNDECLARED_SELECTOR = YES;
				GCC_WARN_UNINITIALIZED_AUTOS = YES_AGGRESSIVE;
				GCC_WARN_UNUSED_FUNCTION = YES;
				GCC_WARN_UNUSED_VARIABLE = YES;
				IPHONEOS_DEPLOYMENT_TARGET = 18.4;
				LOCALIZATION_PREFERS_STRING_CATALOGS = YES;
				MTL_ENABLE_DEBUG_INFO = NO;
				MTL_FAST_MATH = YES;
				SDKROOT = iphoneos;
				SWIFT_COMPILATION_MODE = wholemodule;
				VALIDATE_PRODUCT = YES;
			};
			name = Release;
		};
		5C4D86472DCCC6FB00FE1477 /* Debug */ = {
			isa = XCBuildConfiguration;
			buildSettings = {
				ASSETCATALOG_COMPILER_APPICON_NAME = AppIcon;
				ASSETCATALOG_COMPILER_GLOBAL_ACCENT_COLOR_NAME = AccentColor;
				CODE_SIGN_STYLE = Automatic;
				CURRENT_PROJECT_VERSION = 1;
				DEVELOPMENT_TEAM = 87CNBTDBWA;
				ENABLE_PREVIEWS = YES;
				GENERATE_INFOPLIST_FILE = YES;
				INFOPLIST_KEY_UIApplicationSceneManifest_Generation = YES;
				INFOPLIST_KEY_UIApplicationSupportsIndirectInputEvents = YES;
				INFOPLIST_KEY_UILaunchScreen_Generation = YES;
				INFOPLIST_KEY_UISupportedInterfaceOrientations_iPad = "UIInterfaceOrientationPortrait UIInterfaceOrientationPortraitUpsideDown UIInterfaceOrientationLandscapeLeft UIInterfaceOrientationLandscapeRight";
				INFOPLIST_KEY_UISupportedInterfaceOrientations_iPhone = "UIInterfaceOrientationPortrait UIInterfaceOrientationLandscapeLeft UIInterfaceOrientationLandscapeRight";
				LD_RUNPATH_SEARCH_PATHS = (
					"$(inherited)",
					"@executable_path/Frameworks",
				);
				MARKETING_VERSION = 1.0;
				PRODUCT_BUNDLE_IDENTIFIER = "LBN.LBN-KIDS";
				PRODUCT_NAME = "$(TARGET_NAME)";
				SWIFT_EMIT_LOC_STRINGS = YES;
				SWIFT_VERSION = 5.0;
				TARGETED_DEVICE_FAMILY = "1,2";
			};
			name = Debug;
		};
		5C4D86482DCCC6FB00FE1477 /* Release */ = {
			isa = XCBuildConfiguration;
			buildSettings = {
				ASSETCATALOG_COMPILER_APPICON_NAME = AppIcon;
				ASSETCATALOG_COMPILER_GLOBAL_ACCENT_COLOR_NAME = AccentColor;
				CODE_SIGN_STYLE = Automatic;
				CURRENT_PROJECT_VERSION = 1;
				DEVELOPMENT_TEAM = 87CNBTDBWA;
				ENABLE_PREVIEWS = YES;
				GENERATE_INFOPLIST_FILE = YES;
				INFOPLIST_KEY_UIApplicationSceneManifest_Generation = YES;
				INFOPLIST_KEY_UIApplicationSupportsIndirectInputEvents = YES;
				INFOPLIST_KEY_UILaunchScreen_Generation = YES;
				INFOPLIST_KEY_UISupportedInterfaceOrientations_iPad = "UIInterfaceOrientationPortrait UIInterfaceOrientationPortraitUpsideDown UIInterfaceOrientationLandscapeLeft UIInterfaceOrientationLandscapeRight";
				INFOPLIST_KEY_UISupportedInterfaceOrientations_iPhone = "UIInterfaceOrientationPortrait UIInterfaceOrientationLandscapeLeft UIInterfaceOrientationLandscapeRight";
				LD_RUNPATH_SEARCH_PATHS = (
					"$(inherited)",
					"@executable_path/Frameworks",
				);
				MARKETING_VERSION = 1.0;
				PRODUCT_BUNDLE_IDENTIFIER = "LBN.LBN-KIDS";
				PRODUCT_NAME = "$(TARGET_NAME)";
				SWIFT_EMIT_LOC_STRINGS = YES;
				SWIFT_VERSION = 5.0;
				TARGETED_DEVICE_FAMILY = "1,2";
			};
			name = Release;
		};
		5C4D864A2DCCC6FB00FE1477 /* Debug */ = {
			isa = XCBuildConfiguration;
			buildSettings = {
				BUNDLE_LOADER = "$(TEST_HOST)";
				CODE_SIGN_STYLE = Automatic;
				CURRENT_PROJECT_VERSION = 1;
				DEVELOPMENT_TEAM = 87CNBTDBWA;
				GENERATE_INFOPLIST_FILE = YES;
				IPHONEOS_DEPLOYMENT_TARGET = 18.4;
				MARKETING_VERSION = 1.0;
				PRODUCT_BUNDLE_IDENTIFIER = "LBN.LBN-KIDSTests";
				PRODUCT_NAME = "$(TARGET_NAME)";
				SWIFT_EMIT_LOC_STRINGS = NO;
				SWIFT_VERSION = 5.0;
				TARGETED_DEVICE_FAMILY = "1,2";
				TEST_HOST = "$(BUILT_PRODUCTS_DIR)/LBN KIDS.app/$(BUNDLE_EXECUTABLE_FOLDER_PATH)/LBN KIDS";
			};
			name = Debug;
		};
		5C4D864B2DCCC6FB00FE1477 /* Release */ = {
			isa = XCBuildConfiguration;
			buildSettings = {
				BUNDLE_LOADER = "$(TEST_HOST)";
				CODE_SIGN_STYLE = Automatic;
				CURRENT_PROJECT_VERSION = 1;
				DEVELOPMENT_TEAM = 87CNBTDBWA;
				GENERATE_INFOPLIST_FILE = YES;
				IPHONEOS_DEPLOYMENT_TARGET = 18.4;
				MARKETING_VERSION = 1.0;
				PRODUCT_BUNDLE_IDENTIFIER = "LBN.LBN-KIDSTests";
				PRODUCT_NAME = "$(TARGET_NAME)";
				SWIFT_EMIT_LOC_STRINGS = NO;
				SWIFT_VERSION = 5.0;
				TARGETED_DEVICE_FAMILY = "1,2";
				TEST_HOST = "$(BUILT_PRODUCTS_DIR)/LBN KIDS.app/$(BUNDLE_EXECUTABLE_FOLDER_PATH)/LBN KIDS";
			};
			name = Release;
		};
		5C4D864D2DCCC6FB00FE1477 /* Debug */ = {
			isa = XCBuildConfiguration;
			buildSettings = {
				CODE_SIGN_STYLE = Automatic;
				CURRENT_PROJECT_VERSION = 1;
				DEVELOPMENT_TEAM = 87CNBTDBWA;
				GENERATE_INFOPLIST_FILE = YES;
				MARKETING_VERSION = 1.0;
				PRODUCT_BUNDLE_IDENTIFIER = "LBN.LBN-KIDSUITests";
				PRODUCT_NAME = "$(TARGET_NAME)";
				SWIFT_EMIT_LOC_STRINGS = NO;
				SWIFT_VERSION = 5.0;
				TARGETED_DEVICE_FAMILY = "1,2";
				TEST_TARGET_NAME = "LBN KIDS";
			};
			name = Debug;
		};
		5C4D864E2DCCC6FB00FE1477 /* Release */ = {
			isa = XCBuildConfiguration;
			buildSettings = {
				CODE_SIGN_STYLE = Automatic;
				CURRENT_PROJECT_VERSION = 1;
				DEVELOPMENT_TEAM = 87CNBTDBWA;
				GENERATE_INFOPLIST_FILE = YES;
				MARKETING_VERSION = 1.0;
				PRODUCT_BUNDLE_IDENTIFIER = "LBN.LBN-KIDSUITests";
				PRODUCT_NAME = "$(TARGET_NAME)";
				SWIFT_EMIT_LOC_STRINGS = NO;
				SWIFT_VERSION = 5.0;
				TARGETED_DEVICE_FAMILY = "1,2";
				TEST_TARGET_NAME = "LBN KIDS";
			};
			name = Release;
		};
/* End XCBuildConfiguration section */

/* Begin XCConfigurationList section */
		5C4D86202DCCC6F700FE1477 /* Build configuration list for PBXProject "LBN KIDS" */ = {
			isa = XCConfigurationList;
			buildConfigurations = (
				5C4D86442DCCC6FB00FE1477 /* Debug */,
				5C4D86452DCCC6FB00FE1477 /* Release */,
			);
			defaultConfigurationIsVisible = 0;
			defaultConfigurationName = Release;
		};
		5C4D86462DCCC6FB00FE1477 /* Build configuration list for PBXNativeTarget "LBN KIDS" */ = {
			isa = XCConfigurationList;
			buildConfigurations = (
				5C4D86472DCCC6FB00FE1477 /* Debug */,
				5C4D86482DCCC6FB00FE1477 /* Release */,
			);
			defaultConfigurationIsVisible = 0;
			defaultConfigurationName = Release;
		};
		5C4D86492DCCC6FB00FE1477 /* Build configuration list for PBXNativeTarget "LBN KIDSTests" */ = {
			isa = XCConfigurationList;
			buildConfigurations = (
				5C4D864A2DCCC6FB00FE1477 /* Debug */,
				5C4D864B2DCCC6FB00FE1477 /* Release */,
			);
			defaultConfigurationIsVisible = 0;
			defaultConfigurationName = Release;
		};
		5C4D864C2DCCC6FB00FE1477 /* Build configuration list for PBXNativeTarget "LBN KIDSUITests" */ = {
			isa = XCConfigurationList;
			buildConfigurations = (
				5C4D864D2DCCC6FB00FE1477 /* Debug */,
				5C4D864E2DCCC6FB00FE1477 /* Release */,
			);
			defaultConfigurationIsVisible = 0;
			defaultConfigurationName = Release;
		};
/* End XCConfigurationList section */

/* Begin XCRemoteSwiftPackageReference section */
		5C4D86672DCCC7A200FE1477 /* XCRemoteSwiftPackageReference "firebase-ios-sdk" */ = {
			isa = XCRemoteSwiftPackageReference;
			repositoryURL = "https://github.com/firebase/firebase-ios-sdk";
			requirement = {
				kind = upToNextMajorVersion;
				minimumVersion = 11.12.0;
			};
		};
/* End XCRemoteSwiftPackageReference section */

/* Begin XCSwiftPackageProductDependency section */
		5C4D86682DCCC7A200FE1477 /* FirebaseAnalytics */ = {
			isa = XCSwiftPackageProductDependency;
			package = 5C4D86672DCCC7A200FE1477 /* XCRemoteSwiftPackageReference "firebase-ios-sdk" */;
			productName = FirebaseAnalytics;
		};
		5C4D866A2DCCC7A200FE1477 /* FirebaseAnalyticsOnDeviceConversion */ = {
			isa = XCSwiftPackageProductDependency;
			package = 5C4D86672DCCC7A200FE1477 /* XCRemoteSwiftPackageReference "firebase-ios-sdk" */;
			productName = FirebaseAnalyticsOnDeviceConversion;
		};
		5C4D866C2DCCC7A200FE1477 /* FirebaseAnalyticsWithoutAdIdSupport */ = {
			isa = XCSwiftPackageProductDependency;
			package = 5C4D86672DCCC7A200FE1477 /* XCRemoteSwiftPackageReference "firebase-ios-sdk" */;
			productName = FirebaseAnalyticsWithoutAdIdSupport;
		};
		5C4D866E2DCCC7A200FE1477 /* FirebaseAppCheck */ = {
			isa = XCSwiftPackageProductDependency;
			package = 5C4D86672DCCC7A200FE1477 /* XCRemoteSwiftPackageReference "firebase-ios-sdk" */;
			productName = FirebaseAppCheck;
		};
		5C4D86702DCCC7A200FE1477 /* FirebaseAppDistribution-Beta */ = {
			isa = XCSwiftPackageProductDependency;
			package = 5C4D86672DCCC7A200FE1477 /* XCRemoteSwiftPackageReference "firebase-ios-sdk" */;
			productName = "FirebaseAppDistribution-Beta";
		};
/* End XCSwiftPackageProductDependency section */
	};
	rootObject = 5C4D861D2DCCC6F700FE1477 /* Project object */;
}
